
Microsoft Visual Studio Solution File, Format Version 12.00
# Visual Studio Version 17
VisualStudioVersion = 17.7.34031.279
MinimumVisualStudioVersion = 10.0.40219.1
Project("{FAE04EC0-301F-11D3-BF4B-00C04F79EFBC}") = "231108C#_SingleTonePattern", "231108C#_SingleTonePattern\231108C#_SingleTonePattern.csproj", "{DC890E26-1453-4BE5-9868-56729A75AE80}"
EndProject
Project("{FAE04EC0-301F-11D3-BF4B-00C04F79EFBC}") = "231108C#_ObserverPattern", "231108C#_ObserverPattern\231108C#_ObserverPattern.csproj", "{4A696C41-242C-4F16-A62C-5DB6472FA50D}"
EndProject
Global
	GlobalSection(SolutionConfigurationPlatforms) = preSolution
		Debug|Any CPU = Debug|Any CPU
		Release|Any CPU = Release|Any CPU
	EndGlobalSection
	GlobalSection(ProjectConfigurationPlatforms) = postSolution
		{DC890E26-1453-4BE5-9868-56729A75AE80}.Debug|Any CPU.ActiveCfg = Debug|Any CPU
		{DC890E26-1453-4BE5-9868-56729A75AE80}.Debug|Any CPU.Build.0 = Debug|Any CPU
		{DC890E26-1453-4BE5-9868-56729A75AE80}.Release|Any CPU.ActiveCfg = Release|Any CPU
		{DC890E26-1453-4BE5-9868-56729A75AE80}.Release|Any CPU.Build.0 = Release|Any CPU
		{4A696C41-242C-4F16-A62C-5DB6472FA50D}.Debug|Any CPU.ActiveCfg = Debug|Any CPU
		{4A696C41-242C-4F16-A62C-5DB6472FA50D}.Debug|Any CPU.Build.0 = Debug|Any CPU
		{4A696C41-242C-4F16-A62C-5DB6472FA50D}.Release|Any CPU.ActiveCfg = Release|Any CPU
		{4A696C41-242C-4F16-A62C-5DB6472FA50D}.Release|Any CPU.Build.0 = Release|Any CPU
	EndGlobalSection
	GlobalSection(SolutionProperties) = preSolution
		HideSolutionNode = FALSE
	EndGlobalSection
	GlobalSection(ExtensibilityGlobals) = postSolution
		SolutionGuid = {A556CE83-94A4-4406-9F1E-BA1FD137C738}
	EndGlobalSection
EndGlobal
