
Microsoft Visual Studio Solution File, Format Version 12.00
# Visual Studio Version 17
VisualStudioVersion = 17.7.34031.279
MinimumVisualStudioVersion = 10.0.40219.1
Project("{FAE04EC0-301F-11D3-BF4B-00C04F79EFBC}") = "231106C#_2", "231106C#_2\231106C#_2.csproj", "{05DBF7E9-F01C-49FD-B440-5CF4F853242F}"
EndProject
Project("{FAE04EC0-301F-11D3-BF4B-00C04F79EFBC}") = "HeyLotto", "HeyLotto\HeyLotto.csproj", "{2CA3CC7C-D0CE-4F15-8A8A-3E6210BD9FEE}"
EndProject
Project("{FAE04EC0-301F-11D3-BF4B-00C04F79EFBC}") = "HeyAPI", "HeyAPI\HeyAPI.csproj", "{1FE8A1D1-C446-4F76-920C-4638ACCE8728}"
EndProject
Project("{FAE04EC0-301F-11D3-BF4B-00C04F79EFBC}") = "HeyKakaoMap", "HeyKakaoMap\HeyKakaoMap.csproj", "{50690246-5528-4B3F-AE67-1DDA46435C6A}"
EndProject
Global
	GlobalSection(SolutionConfigurationPlatforms) = preSolution
		Debug|Any CPU = Debug|Any CPU
		Release|Any CPU = Release|Any CPU
	EndGlobalSection
	GlobalSection(ProjectConfigurationPlatforms) = postSolution
		{05DBF7E9-F01C-49FD-B440-5CF4F853242F}.Debug|Any CPU.ActiveCfg = Debug|Any CPU
		{05DBF7E9-F01C-49FD-B440-5CF4F853242F}.Debug|Any CPU.Build.0 = Debug|Any CPU
		{05DBF7E9-F01C-49FD-B440-5CF4F853242F}.Release|Any CPU.ActiveCfg = Release|Any CPU
		{05DBF7E9-F01C-49FD-B440-5CF4F853242F}.Release|Any CPU.Build.0 = Release|Any CPU
		{2CA3CC7C-D0CE-4F15-8A8A-3E6210BD9FEE}.Debug|Any CPU.ActiveCfg = Debug|Any CPU
		{2CA3CC7C-D0CE-4F15-8A8A-3E6210BD9FEE}.Debug|Any CPU.Build.0 = Debug|Any CPU
		{2CA3CC7C-D0CE-4F15-8A8A-3E6210BD9FEE}.Release|Any CPU.ActiveCfg = Release|Any CPU
		{2CA3CC7C-D0CE-4F15-8A8A-3E6210BD9FEE}.Release|Any CPU.Build.0 = Release|Any CPU
		{1FE8A1D1-C446-4F76-920C-4638ACCE8728}.Debug|Any CPU.ActiveCfg = Debug|Any CPU
		{1FE8A1D1-C446-4F76-920C-4638ACCE8728}.Debug|Any CPU.Build.0 = Debug|Any CPU
		{1FE8A1D1-C446-4F76-920C-4638ACCE8728}.Release|Any CPU.ActiveCfg = Release|Any CPU
		{1FE8A1D1-C446-4F76-920C-4638ACCE8728}.Release|Any CPU.Build.0 = Release|Any CPU
		{50690246-5528-4B3F-AE67-1DDA46435C6A}.Debug|Any CPU.ActiveCfg = Debug|Any CPU
		{50690246-5528-4B3F-AE67-1DDA46435C6A}.Debug|Any CPU.Build.0 = Debug|Any CPU
		{50690246-5528-4B3F-AE67-1DDA46435C6A}.Release|Any CPU.ActiveCfg = Release|Any CPU
		{50690246-5528-4B3F-AE67-1DDA46435C6A}.Release|Any CPU.Build.0 = Release|Any CPU
	EndGlobalSection
	GlobalSection(SolutionProperties) = preSolution
		HideSolutionNode = FALSE
	EndGlobalSection
	GlobalSection(ExtensibilityGlobals) = postSolution
		SolutionGuid = {738DE2A4-8C97-47AA-B97E-74BC215866C1}
	EndGlobalSection
EndGlobal
