
Microsoft Visual Studio Solution File, Format Version 12.00
# Visual Studio Version 17
VisualStudioVersion = 17.7.34031.279
MinimumVisualStudioVersion = 10.0.40219.1
Project("{FAE04EC0-301F-11D3-BF4B-00C04F79EFBC}") = "231027HelloC#2", "231027HelloC#2\231027HelloC#2.csproj", "{385449AB-9EF6-464D-A1C6-EF3A8BF58890}"
EndProject
Global
	GlobalSection(SolutionConfigurationPlatforms) = preSolution
		Debug|Any CPU = Debug|Any CPU
		Release|Any CPU = Release|Any CPU
	EndGlobalSection
	GlobalSection(ProjectConfigurationPlatforms) = postSolution
		{385449AB-9EF6-464D-A1C6-EF3A8BF58890}.Debug|Any CPU.ActiveCfg = Debug|Any CPU
		{385449AB-9EF6-464D-A1C6-EF3A8BF58890}.Debug|Any CPU.Build.0 = Debug|Any CPU
		{385449AB-9EF6-464D-A1C6-EF3A8BF58890}.Release|Any CPU.ActiveCfg = Release|Any CPU
		{385449AB-9EF6-464D-A1C6-EF3A8BF58890}.Release|Any CPU.Build.0 = Release|Any CPU
	EndGlobalSection
	GlobalSection(SolutionProperties) = preSolution
		HideSolutionNode = FALSE
	EndGlobalSection
	GlobalSection(ExtensibilityGlobals) = postSolution
		SolutionGuid = {E83230D4-ACB7-4F65-92CA-02D7787E001F}
	EndGlobalSection
EndGlobal
