
Microsoft Visual Studio Solution File, Format Version 12.00
# Visual Studio Version 17
VisualStudioVersion = 17.7.34031.279
MinimumVisualStudioVersion = 10.0.40219.1
Project("{FAE04EC0-301F-11D3-BF4B-00C04F79EFBC}") = "231025HelloC#", "231025HelloC#\231025HelloC#.csproj", "{78CE1A11-EC94-4DB9-9546-2A8F93E7C379}"
EndProject
Project("{FAE04EC0-301F-11D3-BF4B-00C04F79EFBC}") = "231025HelloC#_WinForm", "231025HelloC#_WinForm\231025HelloC#_WinForm.csproj", "{3F3966B0-E78C-4083-8D66-9932BA8FFDAC}"
EndProject
Project("{FAE04EC0-301F-11D3-BF4B-00C04F79EFBC}") = "231025HelloC#2", "231025HelloC#2\231025HelloC#2.csproj", "{F1F4F597-7AEF-476F-B5BA-212EFAC797E4}"
EndProject
Project("{FAE04EC0-301F-11D3-BF4B-00C04F79EFBC}") = "231025IfC#_Console", "231025IfC#_Console\231025IfC#_Console.csproj", "{9488D532-2B8A-4FE7-9CCE-1671D46D9146}"
EndProject
Project("{FAE04EC0-301F-11D3-BF4B-00C04F79EFBC}") = "231025forC#_Console", "231025forC#_Console\231025forC#_Console.csproj", "{BA41985B-80FC-405E-AFF6-FF582A61A1E1}"
EndProject
Global
	GlobalSection(SolutionConfigurationPlatforms) = preSolution
		Debug|Any CPU = Debug|Any CPU
		Release|Any CPU = Release|Any CPU
	EndGlobalSection
	GlobalSection(ProjectConfigurationPlatforms) = postSolution
		{78CE1A11-EC94-4DB9-9546-2A8F93E7C379}.Debug|Any CPU.ActiveCfg = Debug|Any CPU
		{78CE1A11-EC94-4DB9-9546-2A8F93E7C379}.Debug|Any CPU.Build.0 = Debug|Any CPU
		{78CE1A11-EC94-4DB9-9546-2A8F93E7C379}.Release|Any CPU.ActiveCfg = Release|Any CPU
		{78CE1A11-EC94-4DB9-9546-2A8F93E7C379}.Release|Any CPU.Build.0 = Release|Any CPU
		{3F3966B0-E78C-4083-8D66-9932BA8FFDAC}.Debug|Any CPU.ActiveCfg = Debug|Any CPU
		{3F3966B0-E78C-4083-8D66-9932BA8FFDAC}.Debug|Any CPU.Build.0 = Debug|Any CPU
		{3F3966B0-E78C-4083-8D66-9932BA8FFDAC}.Release|Any CPU.ActiveCfg = Release|Any CPU
		{3F3966B0-E78C-4083-8D66-9932BA8FFDAC}.Release|Any CPU.Build.0 = Release|Any CPU
		{F1F4F597-7AEF-476F-B5BA-212EFAC797E4}.Debug|Any CPU.ActiveCfg = Debug|Any CPU
		{F1F4F597-7AEF-476F-B5BA-212EFAC797E4}.Debug|Any CPU.Build.0 = Debug|Any CPU
		{F1F4F597-7AEF-476F-B5BA-212EFAC797E4}.Release|Any CPU.ActiveCfg = Release|Any CPU
		{F1F4F597-7AEF-476F-B5BA-212EFAC797E4}.Release|Any CPU.Build.0 = Release|Any CPU
		{9488D532-2B8A-4FE7-9CCE-1671D46D9146}.Debug|Any CPU.ActiveCfg = Debug|Any CPU
		{9488D532-2B8A-4FE7-9CCE-1671D46D9146}.Debug|Any CPU.Build.0 = Debug|Any CPU
		{9488D532-2B8A-4FE7-9CCE-1671D46D9146}.Release|Any CPU.ActiveCfg = Release|Any CPU
		{9488D532-2B8A-4FE7-9CCE-1671D46D9146}.Release|Any CPU.Build.0 = Release|Any CPU
		{BA41985B-80FC-405E-AFF6-FF582A61A1E1}.Debug|Any CPU.ActiveCfg = Debug|Any CPU
		{BA41985B-80FC-405E-AFF6-FF582A61A1E1}.Debug|Any CPU.Build.0 = Debug|Any CPU
		{BA41985B-80FC-405E-AFF6-FF582A61A1E1}.Release|Any CPU.ActiveCfg = Release|Any CPU
		{BA41985B-80FC-405E-AFF6-FF582A61A1E1}.Release|Any CPU.Build.0 = Release|Any CPU
	EndGlobalSection
	GlobalSection(SolutionProperties) = preSolution
		HideSolutionNode = FALSE
	EndGlobalSection
	GlobalSection(ExtensibilityGlobals) = postSolution
		SolutionGuid = {B8DE1211-B52D-4FFE-B8EF-4648304D361B}
	EndGlobalSection
EndGlobal
